github.com/razonyang/hugo-theme-bootstrap v1.3.1 h1:M/xtutNGXTSf0lDyCtzGT5aPs/aA1tOxds8sIrMIC6o=
github.com/razonyang/hugo-theme-bootstrap v1.3.1/go.mod h1:o+IIPL/5wreiTojnN4MsQqKuxbv3fWAQnMhG9geltQo=
github.com/razonyang/hugo-theme-bootstrap v1.5.1 h1:3QO7+VCQvx1L2ddv1/TYY9k/w6/tI+u3S/Z+b80eVEY=
github.com/razonyang/hugo-theme-bootstrap v1.5.1/go.mod h1:o+IIPL/5wreiTojnN4MsQqKuxbv3fWAQnMhG9geltQo=
github.com/razonyang/hugo-theme-bootstrap v1.5.5 h1:wpSc4KEYbvZkn3Q/cpNq+tlderY3vdC798Lj+H4GfRU=
github.com/razonyang/hugo-theme-bootstrap v1.5.5/go.mod h1:o+IIPL/5wreiTojnN4MsQqKuxbv3fWAQnMhG9geltQo=
